
Microsoft Visual Studio Solution File, Format Version 12.00
# Visual Studio Version 17
VisualStudioVersion = 17.3.32804.467
MinimumVisualStudioVersion = 10.0.40219.1
Project("{FAE04EC0-301F-11D3-BF4B-00C04F79EFBC}") = "FinalProject", "FinalProject\FinalProject.csproj", "{0A534001-1E4D-46F5-85C0-2D308D2C5C82}"
	ProjectSection(ProjectDependencies) = postProject
		{CB0BFA38-5404-4E73-8EAA-5D91D92DC0AA} = {CB0BFA38-5404-4E73-8EAA-5D91D92DC0AA}
	EndProjectSection
EndProject
Project("{FAE04EC0-301F-11D3-BF4B-00C04F79EFBC}") = "ClassLibrary1", "ClassLibrary1\ClassLibrary1.csproj", "{CB0BFA38-5404-4E73-8EAA-5D91D92DC0AA}"
EndProject
Global
	GlobalSection(SolutionConfigurationPlatforms) = preSolution
		Debug|Any CPU = Debug|Any CPU
		Release|Any CPU = Release|Any CPU
	EndGlobalSection
	GlobalSection(ProjectConfigurationPlatforms) = postSolution
		{0A534001-1E4D-46F5-85C0-2D308D2C5C82}.Debug|Any CPU.ActiveCfg = Debug|Any CPU
		{0A534001-1E4D-46F5-85C0-2D308D2C5C82}.Debug|Any CPU.Build.0 = Debug|Any CPU
		{0A534001-1E4D-46F5-85C0-2D308D2C5C82}.Release|Any CPU.ActiveCfg = Release|Any CPU
		{0A534001-1E4D-46F5-85C0-2D308D2C5C82}.Release|Any CPU.Build.0 = Release|Any CPU
		{CB0BFA38-5404-4E73-8EAA-5D91D92DC0AA}.Debug|Any CPU.ActiveCfg = Debug|Any CPU
		{CB0BFA38-5404-4E73-8EAA-5D91D92DC0AA}.Debug|Any CPU.Build.0 = Debug|Any CPU
		{CB0BFA38-5404-4E73-8EAA-5D91D92DC0AA}.Release|Any CPU.ActiveCfg = Release|Any CPU
		{CB0BFA38-5404-4E73-8EAA-5D91D92DC0AA}.Release|Any CPU.Build.0 = Release|Any CPU
	EndGlobalSection
	GlobalSection(SolutionProperties) = preSolution
		HideSolutionNode = FALSE
	EndGlobalSection
	GlobalSection(ExtensibilityGlobals) = postSolution
		SolutionGuid = {270C8D71-80AF-4C5A-8B6D-0E959B3843ED}
	EndGlobalSection
EndGlobal
